{
    "_readme": [
        "This file locks the dependencies of your project to a known state",
        "Read more about it at https://getcomposer.org/doc/01-basic-usage.md#installing-dependencies",
        "This file is @generated automatically"
    ],
    "content-hash": "8c39f876e7fe2c92a58a9c96c28d976b",
    "packages": [],
    "packages-dev": [
        {
            "name": "mikey179/vfsstream",
            "version": "1.6.11",
            "source": {
                "type": "git",
                "url": "https://github.com/mikey179/vfsStream.git",
                "reference": "17fa384082aea986bb0097cec2e075844ca19309"
            },
            "dist": {
                "type": "zip",
                "url": "https://api.github.com/repos/mikey179/vfsStream/zipball/17fa384082aea986bb0097cec2e075844ca19309",
                "reference": "17fa384082aea986bb0097cec2e075844ca19309",
                "shasum": ""
            },
            "require": {
                "php": ">=5.3.2"
            },
            "type": "library",
            "autoload": {
                "psr-0": {
                    "org\\bovigo\\vfs": "src/main/php"
                }
            },
            "notification-url": "https://packagist.org/downloads/",
            "license": [
                "BSD"
            ],
            "authors": [
                {
                    "name": "Frank Kleine",
                    "email": "mikey179@gmail.com",
                    "homepage": "http://www.frankkleine.de/",
                    "role": "Developer"
                }
            ],
            "description": "Virtual file system to mock the real file system in unit tests",
            "homepage": "http://vfs.bovigo.org/",
            "keywords": [
                "mock",
                "stream",
                "test",
                "vfs",
                "virtual"
            ],
            "time": "2021-12-07T16:58:10+00:00"
        },
        {
            "name": "phpunit/phpunit",
            "version": "9.5.28",
            "source": {
                "type": "git",
                "url": "https://github.com/sebastianbergmann/phpunit.git",
                "reference": "04e30e7f60668cf634e2e0fbf1c9f3e2ce1a74f0"
            },
            "dist": {
                "type": "zip",
                "url": "https://api.github.com/repos/sebastianbergmann/phpunit/zipball/04e30e7f60668cf634e2e0fbf1c9f3e2ce1a74f0",
                "reference": "04e30e7f60668cf634e2e0fbf1c9f3e2ce1a74f0",
                "shasum": ""
            },
            "require": {
                "ext-ctype": "*",
                "ext-dom": "*",
                "ext-json": "*",
                "ext-libxml": "*",
                "ext-mbstring": "*",
                "ext-xml": "*",
                "ext-xmlwriter": "*",
                "php": ">=7.3",
                "phar-io/manifest": "^2.0.3",
                "phar-io/version": "^3.0.2",
                "phpunit/php-code-coverage": "^9.2.13",
                "phpunit/php-file-iterator": "^3.0.5",
                "phpunit/php-invoker": "^3.1.1",
                "phpunit/php-text-template": "^2.0.3",
                "phpunit/php-timer": "^5.0.2",
                "sebastian/cli-parser": "^1.0.2",
                "sebastian/code-unit": "^1.0.6",
                "sebastian/comparator": "^4.0.8",
                "sebastian/diff": "^4.0.3",
                "sebastian/environment": "^5.1.3",
                "sebastian/exporter": "^4.0.5",
                "sebastian/global-state": "^5.0.3",
                "sebastian/object-enumerator": "^4.0.3",
                "sebastian/resource-operations": "^3.0.3",
                "sebastian/type": "^2.3.4",
                "sebastian/version": "^3.0.2"
            },
            "suggest": {
                "ext-soap": "*",
                "ext-xdebug": "*"
            },
            "bin": [
                "phpunit"
            ],
            "type": "library",
            "autoload": {
                "files": [
                    "src/autoload.php"
                ],
                "classmap": [
                    "src/"
                ]
            },
            "notification-url": "https://packagist.org/downloads/",
            "license": [
                "BSD-3-Clause"
            ],
            "authors": [
                {
                    "name": "Sebastian Bergmann",
                    "email": "sebastian@phpunit.de",
                    "homepage": "https://sebastianbergmann.de/",
                    "role": "lead"
                }
            ],
            "description": "The PHP Unit Testing framework.",
            "homepage": "https://phpunit.de/",
            "keywords": [
                "phpunit",
                "testing",
                "xunit"
            ],
            "support": {
                "issues": "https://github.com/sebastianbergmann/phpunit/issues",
                "source": "https://github.com/sebastianbergmann/phpunit"
            },
            "funding": [
                {
                    "url": "https://phpunit.de/donate.html",
                    "type": "custom"
                }
            ],
            "time": "2023-12-01T07:44:57+00:00"
        }
    ],
    "aliases": [],
    "minimum-stability": "stable",
    "stability-flags": [],
    "prefer-stable": false,
    "prefer-lowest": false,
    "platform": {
        "php": ">=5.3.7"
    },
    "platform-dev": []
}
